
Microsoft Visual Studio Solution File, Format Version 12.00
# Visual Studio Version 17
VisualStudioVersion = 17.4.33122.133
MinimumVisualStudioVersion = 10.0.40219.1
Project("{FAE04EC0-301F-11D3-BF4B-00C04F79EFBC}") = "LLVM", "LLVM\LLVM.csproj", "{8158895B-8D2D-474A-8507-4B59D23FF4E7}"
EndProject
Global
	GlobalSection(SolutionConfigurationPlatforms) = preSolution
		Debug|Any CPU = Debug|Any CPU
		Release|Any CPU = Release|Any CPU
	EndGlobalSection
	GlobalSection(ProjectConfigurationPlatforms) = postSolution
		{8158895B-8D2D-474A-8507-4B59D23FF4E7}.Debug|Any CPU.ActiveCfg = Debug|Any CPU
		{8158895B-8D2D-474A-8507-4B59D23FF4E7}.Debug|Any CPU.Build.0 = Debug|Any CPU
		{8158895B-8D2D-474A-8507-4B59D23FF4E7}.Release|Any CPU.ActiveCfg = Release|Any CPU
		{8158895B-8D2D-474A-8507-4B59D23FF4E7}.Release|Any CPU.Build.0 = Release|Any CPU
	EndGlobalSection
	GlobalSection(SolutionProperties) = preSolution
		HideSolutionNode = FALSE
	EndGlobalSection
	GlobalSection(ExtensibilityGlobals) = postSolution
		SolutionGuid = {8CC6C452-9CBD-4EAA-BB8B-59AAB83BF5B6}
	EndGlobalSection
EndGlobal
